
Microsoft Visual Studio Solution File, Format Version 12.00
Project("{FAE04EC0-301F-11D3-BF4B-00C04F79EFBC}") = "AdvertApi", "AdvertApi\AdvertApi.csproj", "{DE049D86-97A4-457C-B154-66CFC743F6F4}"
EndProject
Project("{FAE04EC0-301F-11D3-BF4B-00C04F79EFBC}") = "AdvertApiTests", "AdvertApiTests\AdvertApiTests.csproj", "{CC2F42DB-555A-4D28-8950-2CB06CE9ACF4}"
EndProject
Global
	GlobalSection(SolutionConfigurationPlatforms) = preSolution
		Debug|Any CPU = Debug|Any CPU
		Release|Any CPU = Release|Any CPU
	EndGlobalSection
	GlobalSection(ProjectConfigurationPlatforms) = postSolution
		{DE049D86-97A4-457C-B154-66CFC743F6F4}.Debug|Any CPU.ActiveCfg = Debug|Any CPU
		{DE049D86-97A4-457C-B154-66CFC743F6F4}.Debug|Any CPU.Build.0 = Debug|Any CPU
		{DE049D86-97A4-457C-B154-66CFC743F6F4}.Release|Any CPU.ActiveCfg = Release|Any CPU
		{DE049D86-97A4-457C-B154-66CFC743F6F4}.Release|Any CPU.Build.0 = Release|Any CPU
		{CC2F42DB-555A-4D28-8950-2CB06CE9ACF4}.Debug|Any CPU.ActiveCfg = Debug|Any CPU
		{CC2F42DB-555A-4D28-8950-2CB06CE9ACF4}.Debug|Any CPU.Build.0 = Debug|Any CPU
		{CC2F42DB-555A-4D28-8950-2CB06CE9ACF4}.Release|Any CPU.ActiveCfg = Release|Any CPU
		{CC2F42DB-555A-4D28-8950-2CB06CE9ACF4}.Release|Any CPU.Build.0 = Release|Any CPU
	EndGlobalSection
EndGlobal
